# @generated - this file is auto-generated by `mise lock` https://mise.en.dev/dev-tools/mise-lock.html

[[tools."aqua:biomejs/biome"]]
version = "2.4.12"
backend = "aqua:biomejs/biome"

[tools."aqua:biomejs/biome"."platforms.linux-arm64"]
checksum = "sha256:8c01c56aa0701e12142de057ff4a0a220e73c32f7e606935024223c8650f069a"
url = "https://github.com/biomejs/biome/releases/download/%40biomejs/biome%402.4.12/biome-linux-arm64"

[tools."aqua:biomejs/biome"."platforms.linux-arm64-musl"]
checksum = "sha256:8c01c56aa0701e12142de057ff4a0a220e73c32f7e606935024223c8650f069a"
url = "https://github.com/biomejs/biome/releases/download/%40biomejs/biome%402.4.12/biome-linux-arm64"

[tools."aqua:biomejs/biome"."platforms.linux-x64"]
checksum = "sha256:a0c50f60ed0a3c24450f5561eff58c8b9a91708c6b3f2f9ecd398a825d4a0861"
url = "https://github.com/biomejs/biome/releases/download/%40biomejs/biome%402.4.12/biome-linux-x64"
provenance = "github-attestations"

[tools."aqua:biomejs/biome"."platforms.linux-x64-musl"]
checksum = "sha256:a0c50f60ed0a3c24450f5561eff58c8b9a91708c6b3f2f9ecd398a825d4a0861"
url = "https://github.com/biomejs/biome/releases/download/%40biomejs/biome%402.4.12/biome-linux-x64"

[tools."aqua:biomejs/biome"."platforms.macos-arm64"]
checksum = "sha256:ac5775441d77af4ef9f61827e6058b2ec21db469102c94ccd9d1c48d09d5c461"
url = "https://github.com/biomejs/biome/releases/download/%40biomejs/biome%402.4.12/biome-darwin-arm64"

[tools."aqua:biomejs/biome"."platforms.macos-x64"]
checksum = "sha256:2617d939c0076743cbc597d9e1531628a0346eb19e6916f9374cb6e8f203fe3b"
url = "https://github.com/biomejs/biome/releases/download/%40biomejs/biome%402.4.12/biome-darwin-x64"

[tools."aqua:biomejs/biome"."platforms.windows-x64"]
checksum = "sha256:bb4309a0c05caf7377fc071b770d503c5e052a45f8ddea3c9dca34890f202189"
url = "https://github.com/biomejs/biome/releases/download/%40biomejs/biome%402.4.12/biome-win32-x64.exe"

[[tools.hivemind]]
version = "1.1.0"
backend = "github:DarthSim/hivemind"

[tools.hivemind."platforms.linux-arm64"]
url = "https://github.com/DarthSim/hivemind/releases/download/v1.1.0/hivemind-v1.1.0-linux-arm64.gz"
url_api = "https://api.github.com/repos/DarthSim/hivemind/releases/assets/50906822"

[tools.hivemind."platforms.linux-arm64-musl"]
url = "https://github.com/DarthSim/hivemind/releases/download/v1.1.0/hivemind-v1.1.0-linux-arm64.gz"
url_api = "https://api.github.com/repos/DarthSim/hivemind/releases/assets/50906822"

[tools.hivemind."platforms.linux-x64"]
url = "https://github.com/DarthSim/hivemind/releases/download/v1.1.0/hivemind-v1.1.0-linux-amd64.gz"
url_api = "https://api.github.com/repos/DarthSim/hivemind/releases/assets/50906818"

[tools.hivemind."platforms.linux-x64-musl"]
url = "https://github.com/DarthSim/hivemind/releases/download/v1.1.0/hivemind-v1.1.0-linux-amd64.gz"
url_api = "https://api.github.com/repos/DarthSim/hivemind/releases/assets/50906818"

[tools.hivemind."platforms.macos-arm64"]
url = "https://github.com/DarthSim/hivemind/releases/download/v1.1.0/hivemind-v1.1.0-macos-arm64.gz"
url_api = "https://api.github.com/repos/DarthSim/hivemind/releases/assets/50906825"

[tools.hivemind."platforms.macos-x64"]
url = "https://github.com/DarthSim/hivemind/releases/download/v1.1.0/hivemind-v1.1.0-macos-amd64.gz"
url_api = "https://api.github.com/repos/DarthSim/hivemind/releases/assets/50906823"

[tools.hivemind."platforms.windows-x64"]
url = "https://github.com/DarthSim/hivemind/releases/download/v1.1.0/hivemind-v1.1.0-freebsd-amd64.gz"
url_api = "https://api.github.com/repos/DarthSim/hivemind/releases/assets/50906806"

[[tools.node]]
version = "25.9.0"
backend = "core:node"

[tools.node."platforms.linux-arm64"]
checksum = "sha256:8fb4283301b8c720fc9f18bffff0f659e72cc14d0cf207a3bb411808aaa73a57"
url = "https://nodejs.org/dist/v25.9.0/node-v25.9.0-linux-arm64.tar.gz"

[tools.node."platforms.linux-arm64-musl"]
checksum = "sha256:8fb4283301b8c720fc9f18bffff0f659e72cc14d0cf207a3bb411808aaa73a57"
url = "https://nodejs.org/dist/v25.9.0/node-v25.9.0-linux-arm64.tar.gz"

[tools.node."platforms.linux-x64"]
checksum = "sha256:134e55b2408448a219760fe04dc44d6851f9de8a79549021ffd870e9082d9e7b"
url = "https://nodejs.org/dist/v25.9.0/node-v25.9.0-linux-x64.tar.gz"

[tools.node."platforms.linux-x64-musl"]
checksum = "sha256:134e55b2408448a219760fe04dc44d6851f9de8a79549021ffd870e9082d9e7b"
url = "https://nodejs.org/dist/v25.9.0/node-v25.9.0-linux-x64.tar.gz"

[tools.node."platforms.macos-arm64"]
checksum = "sha256:e479f3c469d3d9303a44f00a8ea37a3788395d171bb8059c48a4bbbd2e371b59"
url = "https://nodejs.org/dist/v25.9.0/node-v25.9.0-darwin-arm64.tar.gz"

[tools.node."platforms.macos-x64"]
checksum = "sha256:7d737b53ce191142bfa1c17cfa5b070d96e84eebf76b8dd06d84981cbdc3f7e3"
url = "https://nodejs.org/dist/v25.9.0/node-v25.9.0-darwin-x64.tar.gz"

[tools.node."platforms.windows-x64"]
checksum = "sha256:929552b8305effac843ba7b4270c437aefb702fc3fbd73fcd1bffd35d4ac284e"
url = "https://nodejs.org/dist/v25.9.0/node-v25.9.0-win-x64.zip"

[[tools.npm]]
version = "11.12.1"
backend = "npm:npm"

[[tools."npm:tsx"]]
version = "4.21.0"
backend = "npm:tsx"
